
Microsoft Visual Studio Solution File, Format Version 12.00
# Visual Studio Version 17
VisualStudioVersion = 17.8.34408.163
MinimumVisualStudioVersion = 10.0.40219.1
Project("{FAE04EC0-301F-11D3-BF4B-00C04F79EFBC}") = "MovieProject", "MovieProject\MovieProject.csproj", "{056821AE-41BE-4591-A99B-F34DABF4C7EE}"
EndProject
Global
	GlobalSection(SolutionConfigurationPlatforms) = preSolution
		Debug|Any CPU = Debug|Any CPU
		Release|Any CPU = Release|Any CPU
	EndGlobalSection
	GlobalSection(ProjectConfigurationPlatforms) = postSolution
		{056821AE-41BE-4591-A99B-F34DABF4C7EE}.Debug|Any CPU.ActiveCfg = Debug|Any CPU
		{056821AE-41BE-4591-A99B-F34DABF4C7EE}.Debug|Any CPU.Build.0 = Debug|Any CPU
		{056821AE-41BE-4591-A99B-F34DABF4C7EE}.Release|Any CPU.ActiveCfg = Release|Any CPU
		{056821AE-41BE-4591-A99B-F34DABF4C7EE}.Release|Any CPU.Build.0 = Release|Any CPU
	EndGlobalSection
	GlobalSection(SolutionProperties) = preSolution
		HideSolutionNode = FALSE
	EndGlobalSection
	GlobalSection(ExtensibilityGlobals) = postSolution
		SolutionGuid = {99ECBF68-C32E-4E5E-A544-9EFEF42B4A3A}
	EndGlobalSection
EndGlobal
